
Microsoft Visual Studio Solution File, Format Version 12.00
# Visual Studio Version 17
VisualStudioVersion = 17.13.35931.197 d17.13
MinimumVisualStudioVersion = 10.0.40219.1
Project("{FAE04EC0-301F-11D3-BF4B-00C04F79EFBC}") = "Stone_Application", "Stone_Application.csproj", "{F6C53126-A761-4513-88A0-0FF75B2BE369}"
EndProject
Global
	GlobalSection(SolutionConfigurationPlatforms) = preSolution
		Debug|Any CPU = Debug|Any CPU
		Release|Any CPU = Release|Any CPU
	EndGlobalSection
	GlobalSection(ProjectConfigurationPlatforms) = postSolution
		{F6C53126-A761-4513-88A0-0FF75B2BE369}.Debug|Any CPU.ActiveCfg = Debug|Any CPU
		{F6C53126-A761-4513-88A0-0FF75B2BE369}.Debug|Any CPU.Build.0 = Debug|Any CPU
		{F6C53126-A761-4513-88A0-0FF75B2BE369}.Release|Any CPU.ActiveCfg = Release|Any CPU
		{F6C53126-A761-4513-88A0-0FF75B2BE369}.Release|Any CPU.Build.0 = Release|Any CPU
	EndGlobalSection
	GlobalSection(SolutionProperties) = preSolution
		HideSolutionNode = FALSE
	EndGlobalSection
	GlobalSection(ExtensibilityGlobals) = postSolution
		SolutionGuid = {CE0F2595-010B-4407-9266-799A41A432F3}
	EndGlobalSection
EndGlobal
